
Microsoft Visual Studio Solution File, Format Version 12.00
# Visual Studio Version 17
VisualStudioVersion = 17.14.36623.8
MinimumVisualStudioVersion = 10.0.40219.1
Project("{FAE04EC0-301F-11D3-BF4B-00C04F79EFBC}") = "ShoppingCart", "ShoppingCart.csproj", "{9FB0DB1C-5387-44FF-B2F0-F2D92BB3C4D2}"
EndProject
Project("{FAE04EC0-301F-11D3-BF4B-00C04F79EFBC}") = "ShoppingCart.Tests", "..\ShoppingCart.Tests\ShoppingCart.Tests.csproj", "{B08D22B5-046E-4760-13A6-435E2442C3B0}"
EndProject
Global
	GlobalSection(SolutionConfigurationPlatforms) = preSolution
		Debug|Any CPU = Debug|Any CPU
		Release|Any CPU = Release|Any CPU
	EndGlobalSection
	GlobalSection(ProjectConfigurationPlatforms) = postSolution
		{9FB0DB1C-5387-44FF-B2F0-F2D92BB3C4D2}.Debug|Any CPU.ActiveCfg = Debug|Any CPU
		{9FB0DB1C-5387-44FF-B2F0-F2D92BB3C4D2}.Debug|Any CPU.Build.0 = Debug|Any CPU
		{9FB0DB1C-5387-44FF-B2F0-F2D92BB3C4D2}.Release|Any CPU.ActiveCfg = Release|Any CPU
		{9FB0DB1C-5387-44FF-B2F0-F2D92BB3C4D2}.Release|Any CPU.Build.0 = Release|Any CPU
		{B08D22B5-046E-4760-13A6-435E2442C3B0}.Debug|Any CPU.ActiveCfg = Debug|Any CPU
		{B08D22B5-046E-4760-13A6-435E2442C3B0}.Debug|Any CPU.Build.0 = Debug|Any CPU
		{B08D22B5-046E-4760-13A6-435E2442C3B0}.Release|Any CPU.ActiveCfg = Release|Any CPU
		{B08D22B5-046E-4760-13A6-435E2442C3B0}.Release|Any CPU.Build.0 = Release|Any CPU
	EndGlobalSection
	GlobalSection(SolutionProperties) = preSolution
		HideSolutionNode = FALSE
	EndGlobalSection
	GlobalSection(ExtensibilityGlobals) = postSolution
		SolutionGuid = {708E5271-546A-4DD6-BEA9-146DB3F0F621}
	EndGlobalSection
EndGlobal
